lockfileVersion: 5.4

specifiers:
  '@types/postcss-preset-env': ^7.7.0
  open-props: ^1.5.1
  postcss-preset-env: 7.8.3
  prettier: ^2.8.1
  typescript: ^4.9.3
  vite: ^4.0.0

dependencies:
  open-props: 1.5.1

devDependencies:
  '@types/postcss-preset-env': 7.7.0
  postcss-preset-env: 7.8.3
  prettier: 2.8.1
  typescript: 4.9.4
  vite: 4.0.1

packages:

  /@csstools/postcss-cascade-layers/1.1.1:
    resolution: {integrity: sha512-+KdYrpKC5TgomQr2DlZF4lDEpHcoxnj5IGddYYfBWJAKfj1JtuHUIqMa+E1pJJ+z3kvDViWMqyqPlG4Ja7amQA==}
    engines: {node: ^12 || ^14 || >=16}
    peerDependencies:
      postcss: ^8.2
    dependencies:
      '@csstools/selector-specificity': 2.0.2_laljekdltgzr3kfi7r4exvsr5a
      postcss-selector-parser: 6.0.11
    dev: true

  /@csstools/postcss-color-function/1.1.1:
    resolution: {integrity: sha512-Bc0f62WmHdtRDjf5f3e2STwRAl89N2CLb+9iAwzrv4L2hncrbDwnQD9PCq0gtAt7pOI2leIV08HIBUd4jxD8cw==}
    engines: {node: ^12 || ^14 || >=16}
    peerDependencies:
      postcss: ^8.2
    dependencies:
      '@csstools/postcss-progressive-custom-properties': 1.3.0
      postcss-value-parser: 4.2.0
    dev: true

  /@csstools/postcss-font-format-keywords/1.0.1:
    resolution: {integrity: sha512-ZgrlzuUAjXIOc2JueK0X5sZDjCtgimVp/O5CEqTcs5ShWBa6smhWYbS0x5cVc/+rycTDbjjzoP0KTDnUneZGOg==}
    engines: {node: ^12 || ^14 || >=16}
    peerDependencies:
      postcss: ^8.2
    dependencies:
      postcss-value-parser: 4.2.0
    dev: true

  /@csstools/postcss-hwb-function/1.0.2:
    resolution: {integrity: sha512-YHdEru4o3Rsbjmu6vHy4UKOXZD+Rn2zmkAmLRfPet6+Jz4Ojw8cbWxe1n42VaXQhD3CQUXXTooIy8OkVbUcL+w==}
    engines: {node: ^12 || ^14 || >=16}
    peerDependencies:
      postcss: ^8.2
    dependencies:
      postcss-value-parser: 4.2.0
    dev: true

  /@csstools/postcss-ic-unit/1.0.1:
    resolution: {integrity: sha512-Ot1rcwRAaRHNKC9tAqoqNZhjdYBzKk1POgWfhN4uCOE47ebGcLRqXjKkApVDpjifL6u2/55ekkpnFcp+s/OZUw==}
    engines: {node: ^12 || ^14 || >=16}
    peerDependencies:
      postcss: ^8.2
    dependencies:
      '@csstools/postcss-progressive-custom-properties': 1.3.0
      postcss-value-parser: 4.2.0
    dev: true

  /@csstools/postcss-is-pseudo-class/2.0.7:
    resolution: {integrity: sha512-7JPeVVZHd+jxYdULl87lvjgvWldYu+Bc62s9vD/ED6/QTGjy0jy0US/f6BG53sVMTBJ1lzKZFpYmofBN9eaRiA==}
    engines: {node: ^12 || ^14 || >=16}
    peerDependencies:
      postcss: ^8.2
    dependencies:
      '@csstools/selector-specificity': 2.0.2_laljekdltgzr3kfi7r4exvsr5a
      postcss-selector-parser: 6.0.11
    dev: true

  /@csstools/postcss-nested-calc/1.0.0:
    resolution: {integrity: sha512-JCsQsw1wjYwv1bJmgjKSoZNvf7R6+wuHDAbi5f/7MbFhl2d/+v+TvBTU4BJH3G1X1H87dHl0mh6TfYogbT/dJQ==}
    engines: {node: ^12 || ^14 || >=16}
    peerDependencies:
      postcss: ^8.2
    dependencies:
      postcss-value-parser: 4.2.0
    dev: true

  /@csstools/postcss-normalize-display-values/1.0.1:
    resolution: {integrity: sha512-jcOanIbv55OFKQ3sYeFD/T0Ti7AMXc9nM1hZWu8m/2722gOTxFg7xYu4RDLJLeZmPUVQlGzo4jhzvTUq3x4ZUw==}
    engines: {node: ^12 || ^14 || >=16}
    peerDependencies:
      postcss: ^8.2
    dependencies:
      postcss-value-parser: 4.2.0
    dev: true

  /@csstools/postcss-oklab-function/1.1.1:
    resolution: {integrity: sha512-nJpJgsdA3dA9y5pgyb/UfEzE7W5Ka7u0CX0/HIMVBNWzWemdcTH3XwANECU6anWv/ao4vVNLTMxhiPNZsTK6iA==}
    engines: {node: ^12 || ^14 || >=16}
    peerDependencies:
      postcss: ^8.2
    dependencies:
      '@csstools/postcss-progressive-custom-properties': 1.3.0
      postcss-value-parser: 4.2.0
    dev: true

  /@csstools/postcss-progressive-custom-properties/1.3.0:
    resolution: {integrity: sha512-ASA9W1aIy5ygskZYuWams4BzafD12ULvSypmaLJT2jvQ8G0M3I8PRQhC0h7mG0Z3LI05+agZjqSR9+K9yaQQjA==}
    engines: {node: ^12 || ^14 || >=16}
    peerDependencies:
      postcss: ^8.3
    dependencies:
      postcss-value-parser: 4.2.0
    dev: true

  /@csstools/postcss-stepped-value-functions/1.0.1:
    resolution: {integrity: sha512-dz0LNoo3ijpTOQqEJLY8nyaapl6umbmDcgj4AD0lgVQ572b2eqA1iGZYTTWhrcrHztWDDRAX2DGYyw2VBjvCvQ==}
    engines: {node: ^12 || ^14 || >=16}
    peerDependencies:
      postcss: ^8.2
    dependencies:
      postcss-value-parser: 4.2.0
    dev: true

  /@csstools/postcss-text-decoration-shorthand/1.0.0:
    resolution: {integrity: sha512-c1XwKJ2eMIWrzQenN0XbcfzckOLLJiczqy+YvfGmzoVXd7pT9FfObiSEfzs84bpE/VqfpEuAZ9tCRbZkZxxbdw==}
    engines: {node: ^12 || ^14 || >=16}
    peerDependencies:
      postcss: ^8.2
    dependencies:
      postcss-value-parser: 4.2.0
    dev: true

  /@csstools/postcss-trigonometric-functions/1.0.2:
    resolution: {integrity: sha512-woKaLO///4bb+zZC2s80l+7cm07M7268MsyG3M0ActXXEFi6SuhvriQYcb58iiKGbjwwIU7n45iRLEHypB47Og==}
    engines: {node: ^14 || >=16}
    peerDependencies:
      postcss: ^8.2
    dependencies:
      postcss-value-parser: 4.2.0
    dev: true

  /@csstools/postcss-unset-value/1.0.2:
    resolution: {integrity: sha512-c8J4roPBILnelAsdLr4XOAR/GsTm0GJi4XpcfvoWk3U6KiTCqiFYc63KhRMQQX35jYMp4Ao8Ij9+IZRgMfJp1g==}
    engines: {node: ^12 || ^14 || >=16}
    peerDependencies:
      postcss: ^8.2
    dev: true

  /@csstools/selector-specificity/2.0.2_laljekdltgzr3kfi7r4exvsr5a:
    resolution: {integrity: sha512-IkpVW/ehM1hWKln4fCA3NzJU8KwD+kIOvPZA4cqxoJHtE21CCzjyp+Kxbu0i5I4tBNOlXPL9mjwnWlL0VEG4Fg==}
    engines: {node: ^12 || ^14 || >=16}
    peerDependencies:
      postcss: ^8.2
      postcss-selector-parser: ^6.0.10
    dependencies:
      postcss-selector-parser: 6.0.11
    dev: true

  /@esbuild/android-arm/0.16.7:
    resolution: {integrity: sha512-yhzDbiVcmq6T1/XEvdcJIVcXHdLjDJ5cQ0Dp9R9p9ERMBTeO1dR5tc8YYv8zwDeBw1xZm+Eo3MRo8cwclhBS0g==}
    engines: {node: '>=12'}
    cpu: [arm]
    os: [android]
    requiresBuild: true
    dev: true
    optional: true

  /@esbuild/android-arm64/0.16.7:
    resolution: {integrity: sha512-tYFw0lBJSEvLoGzzYh1kXuzoX1iPkbOk3O29VqzQb0HbOy7t/yw1hGkvwoJhXHwzQUPsShyYcTgRf6bDBcfnTw==}
    engines: {node: '>=12'}
    cpu: [arm64]
    os: [android]
    requiresBuild: true
    dev: true
    optional: true

  /@esbuild/android-x64/0.16.7:
    resolution: {integrity: sha512-3P2OuTxwAtM3k/yEWTNUJRjMPG1ce8rXs51GTtvEC5z1j8fC1plHeVVczdeHECU7aM2/Buc0MwZ6ciM/zysnWg==}
    engines: {node: '>=12'}
    cpu: [x64]
    os: [android]
    requiresBuild: true
    dev: true
    optional: true

  /@esbuild/darwin-arm64/0.16.7:
    resolution: {integrity: sha512-VUb9GK23z8jkosHU9yJNUgQpsfJn+7ZyBm6adi2Ec5/U241eR1tAn82QicnUzaFDaffeixiHwikjmnec/YXEZg==}
    engines: {node: '>=12'}
    cpu: [arm64]
    os: [darwin]
    requiresBuild: true
    dev: true
    optional: true

  /@esbuild/darwin-x64/0.16.7:
    resolution: {integrity: sha512-duterlv3tit3HI9vhzMWnSVaB1B6YsXpFq1Ntd6Fou82BB1l4tucYy3FI9dHv3tvtDuS0NiGf/k6XsdBqPZ01w==}
    engines: {node: '>=12'}
    cpu: [x64]
    os: [darwin]
    requiresBuild: true
    dev: true
    optional: true

  /@esbuild/freebsd-arm64/0.16.7:
    resolution: {integrity: sha512-9kkycpBFes/vhi7B7o0cf+q2WdJi+EpVzpVTqtWFNiutARWDFFLcB93J8PR1cG228sucsl3B+7Ts27izE6qiaQ==}
    engines: {node: '>=12'}
    cpu: [arm64]
    os: [freebsd]
    requiresBuild: true
    dev: true
    optional: true

  /@esbuild/freebsd-x64/0.16.7:
    resolution: {integrity: sha512-5Ahf6jzWXJ4J2uh9dpy5DKOO+PeRUE/9DMys6VuYfwgQzd6n5+pVFm58L2Z2gRe611RX6SdydnNaiIKM3svY7g==}
    engines: {node: '>=12'}
    cpu: [x64]
    os: [freebsd]
    requiresBuild: true
    dev: true
    optional: true

  /@esbuild/linux-arm/0.16.7:
    resolution: {integrity: sha512-QqJnyCfu5OF78Olt7JJSZ7OSv/B4Hf+ZJWp4kkq9xwMsgu7yWq3crIic8gGOpDYTqVKKMDAVDgRXy5Wd/nWZyQ==}
    engines: {node: '>=12'}
    cpu: [arm]
    os: [linux]
    requiresBuild: true
    dev: true
    optional: true

  /@esbuild/linux-arm64/0.16.7:
    resolution: {integrity: sha512-2wv0xYDskk2+MzIm/AEprDip39a23Chptc4mL7hsHg26P0gD8RUhzmDu0KCH2vMThUI1sChXXoK9uH0KYQKaDg==}
    engines: {node: '>=12'}
    cpu: [arm64]
    os: [linux]
    requiresBuild: true
    dev: true
    optional: true

  /@esbuild/linux-ia32/0.16.7:
    resolution: {integrity: sha512-APVYbEilKbD5ptmKdnIcXej2/+GdV65TfTjxR2Uk8t1EsOk49t6HapZW6DS/Bwlvh5hDwtLapdSumIVNGxgqLg==}
    engines: {node: '>=12'}
    cpu: [ia32]
    os: [linux]
    requiresBuild: true
    dev: true
    optional: true

  /@esbuild/linux-loong64/0.16.7:
    resolution: {integrity: sha512-5wPUAGclplQrAW7EFr3F84Y/d++7G0KykohaF4p54+iNWhUnMVU8Bh2sxiEOXUy4zKIdpHByMgJ5/Ko6QhtTUw==}
    engines: {node: '>=12'}
    cpu: [loong64]
    os: [linux]
    requiresBuild: true
    dev: true
    optional: true

  /@esbuild/linux-mips64el/0.16.7:
    resolution: {integrity: sha512-hxzlXtWF6yWfkE/SMTscNiVqLOAn7fOuIF3q/kiZaXxftz1DhZW/HpnTmTTWrzrS7zJWQxHHT4QSxyAj33COmA==}
    engines: {node: '>=12'}
    cpu: [mips64el]
    os: [linux]
    requiresBuild: true
    dev: true
    optional: true

  /@esbuild/linux-ppc64/0.16.7:
    resolution: {integrity: sha512-WM83Dac0LdXty5xPhlOuCD5Egfk1xLND/oRLYeB7Jb/tY4kzFSDgLlq91wYbHua/s03tQGA9iXvyjgymMw62Vw==}
    engines: {node: '>=12'}
    cpu: [ppc64]
    os: [linux]
    requiresBuild: true
    dev: true
    optional: true

  /@esbuild/linux-riscv64/0.16.7:
    resolution: {integrity: sha512-3nkNnNg4Ax6MS/l8O8Ynq2lGEVJYyJ2EoY3PHjNJ4PuZ80EYLMrFTFZ4L/Hc16AxgtXKwmNP9TM0YKNiBzBiJQ==}
    engines: {node: '>=12'}
    cpu: [riscv64]
    os: [linux]
    requiresBuild: true
    dev: true
    optional: true

  /@esbuild/linux-s390x/0.16.7:
    resolution: {integrity: sha512-3SA/2VJuv0o1uD7zuqxEP+RrAyRxnkGddq0bwHQ98v1KNlzXD/JvxwTO3T6GM5RH6JUd29RTVQTOJfyzMkkppA==}
    engines: {node: '>=12'}
    cpu: [s390x]
    os: [linux]
    requiresBuild: true
    dev: true
    optional: true

  /@esbuild/linux-x64/0.16.7:
    resolution: {integrity: sha512-xi/tbqCqvPIzU+zJVyrpz12xqciTAPMi2fXEWGnapZymoGhuL2GIWIRXg4O2v5BXaYA5TSaiKYE14L0QhUTuQg==}
    engines: {node: '>=12'}
    cpu: [x64]
    os: [linux]
    requiresBuild: true
    dev: true
    optional: true

  /@esbuild/netbsd-x64/0.16.7:
    resolution: {integrity: sha512-NUsYbq3B+JdNKn8SXkItFvdes9qTwEoS3aLALtiWciW/ystiCKM20Fgv9XQBOXfhUHyh5CLEeZDXzLOrwBXuCQ==}
    engines: {node: '>=12'}
    cpu: [x64]
    os: [netbsd]
    requiresBuild: true
    dev: true
    optional: true

  /@esbuild/openbsd-x64/0.16.7:
    resolution: {integrity: sha512-qjwzsgeve9I8Tbsko2FEkdSk2iiezuNGFgipQxY/736NePXDaDZRodIejYGWOlbYXugdxb0nif5yvypH6lKBmA==}
    engines: {node: '>=12'}
    cpu: [x64]
    os: [openbsd]
    requiresBuild: true
    dev: true
    optional: true

  /@esbuild/sunos-x64/0.16.7:
    resolution: {integrity: sha512-mFWDz4RoBTzPphTCkM7Kc7Qpa0o/Z01acajR+Ai7LdfKgcP/C6jYOaKwv7nKzD0+MjOT20j7You9g4ozYy1dKQ==}
    engines: {node: '>=12'}
    cpu: [x64]
    os: [sunos]
    requiresBuild: true
    dev: true
    optional: true

  /@esbuild/win32-arm64/0.16.7:
    resolution: {integrity: sha512-m39UmX19RvEIuC8sYZ0M+eQtdXw4IePDSZ78ZQmYyFaXY9krq4YzQCK2XWIJomNLtg4q+W5aXr8bW3AbqWNoVg==}
    engines: {node: '>=12'}
    cpu: [arm64]
    os: [win32]
    requiresBuild: true
    dev: true
    optional: true

  /@esbuild/win32-ia32/0.16.7:
    resolution: {integrity: sha512-1cbzSEZA1fANwmT6rjJ4G1qQXHxCxGIcNYFYR9ctI82/prT38lnwSRZ0i5p/MVXksw9eMlHlet6pGu2/qkXFCg==}
    engines: {node: '>=12'}
    cpu: [ia32]
    os: [win32]
    requiresBuild: true
    dev: true
    optional: true

  /@esbuild/win32-x64/0.16.7:
    resolution: {integrity: sha512-QaQ8IH0JLacfGf5cf0HCCPnQuCTd/dAI257vXBgb/cccKGbH/6pVtI1gwhdAQ0Y48QSpTIFrh9etVyNdZY+zzw==}
    engines: {node: '>=12'}
    cpu: [x64]
    os: [win32]
    requiresBuild: true
    dev: true
    optional: true

  /@types/postcss-preset-env/7.7.0:
    resolution: {integrity: sha512-biD8MwSiZo1Nztn1cIBPMcKNKzgFyU05AB96HIF9y3G4f9vdx2O60DHCSpWXChTp6mOEGu15fqIw2DetVVjghw==}
    dependencies:
      autoprefixer: 10.4.13_postcss@8.4.20
      postcss: 8.4.20
    dev: true

  /autoprefixer/10.4.13:
    resolution: {integrity: sha512-49vKpMqcZYsJjwotvt4+h/BCjJVnhGwcLpDt5xkcaOG3eLrG/HUYLagrihYsQ+qrIBgIzX1Rw7a6L8I/ZA1Atg==}
    engines: {node: ^10 || ^12 || >=14}
    hasBin: true
    peerDependencies:
      postcss: ^8.1.0
    dependencies:
      browserslist: 4.21.4
      caniuse-lite: 1.0.30001439
      fraction.js: 4.2.0
      normalize-range: 0.1.2
      picocolors: 1.0.0
      postcss-value-parser: 4.2.0
    dev: true

  /autoprefixer/10.4.13_postcss@8.4.20:
    resolution: {integrity: sha512-49vKpMqcZYsJjwotvt4+h/BCjJVnhGwcLpDt5xkcaOG3eLrG/HUYLagrihYsQ+qrIBgIzX1Rw7a6L8I/ZA1Atg==}
    engines: {node: ^10 || ^12 || >=14}
    hasBin: true
    peerDependencies:
      postcss: ^8.1.0
    dependencies:
      browserslist: 4.21.4
      caniuse-lite: 1.0.30001439
      fraction.js: 4.2.0
      normalize-range: 0.1.2
      picocolors: 1.0.0
      postcss: 8.4.20
      postcss-value-parser: 4.2.0
    dev: true

  /browserslist/4.21.4:
    resolution: {integrity: sha512-CBHJJdDmgjl3daYjN5Cp5kbTf1mUhZoS+beLklHIvkOWscs83YAhLlF3Wsh/lciQYAcbBJgTOD44VtG31ZM4Hw==}
    engines: {node: ^6 || ^7 || ^8 || ^9 || ^10 || ^11 || ^12 || >=13.7}
    hasBin: true
    dependencies:
      caniuse-lite: 1.0.30001439
      electron-to-chromium: 1.4.284
      node-releases: 2.0.7
      update-browserslist-db: 1.0.10_browserslist@4.21.4
    dev: true

  /caniuse-lite/1.0.30001439:
    resolution: {integrity: sha512-1MgUzEkoMO6gKfXflStpYgZDlFM7M/ck/bgfVCACO5vnAf0fXoNVHdWtqGU+MYca+4bL9Z5bpOVmR33cWW9G2A==}
    dev: true

  /css-blank-pseudo/3.0.3:
    resolution: {integrity: sha512-VS90XWtsHGqoM0t4KpH053c4ehxZ2E6HtGI7x68YFV0pTo/QmkV/YFA+NnlvK8guxZVNWGQhVNJGC39Q8XF4OQ==}
    engines: {node: ^12 || ^14 || >=16}
    hasBin: true
    peerDependencies:
      postcss: ^8.4
    dependencies:
      postcss-selector-parser: 6.0.11
    dev: true

  /css-has-pseudo/3.0.4:
    resolution: {integrity: sha512-Vse0xpR1K9MNlp2j5w1pgWIJtm1a8qS0JwS9goFYcImjlHEmywP9VUF05aGBXzGpDJF86QXk4L0ypBmwPhGArw==}
    engines: {node: ^12 || ^14 || >=16}
    hasBin: true
    peerDependencies:
      postcss: ^8.4
    dependencies:
      postcss-selector-parser: 6.0.11
    dev: true

  /css-prefers-color-scheme/6.0.3:
    resolution: {integrity: sha512-4BqMbZksRkJQx2zAjrokiGMd07RqOa2IxIrrN10lyBe9xhn9DEvjUK79J6jkeiv9D9hQFXKb6g1jwU62jziJZA==}
    engines: {node: ^12 || ^14 || >=16}
    hasBin: true
    peerDependencies:
      postcss: ^8.4
    dev: true

  /cssdb/7.2.0:
    resolution: {integrity: sha512-JYlIsE7eKHSi0UNuCyo96YuIDFqvhGgHw4Ck6lsN+DP0Tp8M64UTDT2trGbkMDqnCoEjks7CkS0XcjU0rkvBdg==}
    dev: true

  /cssesc/3.0.0:
    resolution: {integrity: sha512-/Tb/JcjK111nNScGob5MNtsntNM1aCNUDipB/TkwZFhyDrrE47SOx/18wF2bbjgc3ZzCSKW1T5nt5EbFoAz/Vg==}
    engines: {node: '>=4'}
    hasBin: true
    dev: true

  /electron-to-chromium/1.4.284:
    resolution: {integrity: sha512-M8WEXFuKXMYMVr45fo8mq0wUrrJHheiKZf6BArTKk9ZBYCKJEOU5H8cdWgDT+qCVZf7Na4lVUaZsA+h6uA9+PA==}
    dev: true

  /esbuild/0.16.7:
    resolution: {integrity: sha512-P6OBFYFSQOGzfApqCeYKqfKRRbCIRsdppTXFo4aAvtiW3o8TTyiIplBvHJI171saPAiy3WlawJHCveJVIOIx1A==}
    engines: {node: '>=12'}
    hasBin: true
    requiresBuild: true
    optionalDependencies:
      '@esbuild/android-arm': 0.16.7
      '@esbuild/android-arm64': 0.16.7
      '@esbuild/android-x64': 0.16.7
      '@esbuild/darwin-arm64': 0.16.7
      '@esbuild/darwin-x64': 0.16.7
      '@esbuild/freebsd-arm64': 0.16.7
      '@esbuild/freebsd-x64': 0.16.7
      '@esbuild/linux-arm': 0.16.7
      '@esbuild/linux-arm64': 0.16.7
      '@esbuild/linux-ia32': 0.16.7
      '@esbuild/linux-loong64': 0.16.7
      '@esbuild/linux-mips64el': 0.16.7
      '@esbuild/linux-ppc64': 0.16.7
      '@esbuild/linux-riscv64': 0.16.7
      '@esbuild/linux-s390x': 0.16.7
      '@esbuild/linux-x64': 0.16.7
      '@esbuild/netbsd-x64': 0.16.7
      '@esbuild/openbsd-x64': 0.16.7
      '@esbuild/sunos-x64': 0.16.7
      '@esbuild/win32-arm64': 0.16.7
      '@esbuild/win32-ia32': 0.16.7
      '@esbuild/win32-x64': 0.16.7
    dev: true

  /escalade/3.1.1:
    resolution: {integrity: sha512-k0er2gUkLf8O0zKJiAhmkTnJlTvINGv7ygDNPbeIsX/TJjGJZHuh9B2UxbsaEkmlEo9MfhrSzmhIlhRlI2GXnw==}
    engines: {node: '>=6'}
    dev: true

  /fraction.js/4.2.0:
    resolution: {integrity: sha512-MhLuK+2gUcnZe8ZHlaaINnQLl0xRIGRfcGk2yl8xoQAfHrSsL3rYu6FCmBdkdbhc9EPlwyGHewaRsvwRMJtAlA==}
    dev: true

  /fsevents/2.3.2:
    resolution: {integrity: sha512-xiqMQR4xAeHTuB9uWm+fFRcIOgKBMiOBP+eXiyT7jsgVCq1bkVygt00oASowB7EdtpOHaaPgKt812P9ab+DDKA==}
    engines: {node: ^8.16.0 || ^10.6.0 || >=11.0.0}
    os: [darwin]
    requiresBuild: true
    dev: true
    optional: true

  /function-bind/1.1.1:
    resolution: {integrity: sha512-yIovAzMX49sF8Yl58fSCWJ5svSLuaibPxXQJFLmBObTuCr0Mf1KiPopGM9NiFjiYBCbfaa2Fh6breQ6ANVTI0A==}
    dev: true

  /has/1.0.3:
    resolution: {integrity: sha512-f2dvO0VU6Oej7RkWJGrehjbzMAjFp5/VKPp5tTpWIV4JHHZK1/BxbFRtf/siA2SWTe09caDmVtYYzWEIbBS4zw==}
    engines: {node: '>= 0.4.0'}
    dependencies:
      function-bind: 1.1.1
    dev: true

  /is-core-module/2.11.0:
    resolution: {integrity: sha512-RRjxlvLDkD1YJwDbroBHMb+cukurkDWNyHx7D3oNB5x9rb5ogcksMC5wHCadcXoo67gVr/+3GFySh3134zi6rw==}
    dependencies:
      has: 1.0.3
    dev: true

  /nanoid/3.3.4:
    resolution: {integrity: sha512-MqBkQh/OHTS2egovRtLk45wEyNXwF+cokD+1YPf9u5VfJiRdAiRwB2froX5Co9Rh20xs4siNPm8naNotSD6RBw==}
    engines: {node: ^10 || ^12 || ^13.7 || ^14 || >=15.0.1}
    hasBin: true
    dev: true

  /node-releases/2.0.7:
    resolution: {integrity: sha512-EJ3rzxL9pTWPjk5arA0s0dgXpnyiAbJDE6wHT62g7VsgrgQgmmZ+Ru++M1BFofncWja+Pnn3rEr3fieRySAdKQ==}
    dev: true

  /normalize-range/0.1.2:
    resolution: {integrity: sha512-bdok/XvKII3nUpklnV6P2hxtMNrCboOjAcyBuQnWEhO665FwrSNRxU+AqpsyvO6LgGYPspN+lu5CLtw4jPRKNA==}
    engines: {node: '>=0.10.0'}
    dev: true

  /open-props/1.5.1:
    resolution: {integrity: sha512-FA1T/0neIXWaJToPhS4HjBrgEFOeVOAUls9cOe1ME1BV4G25sIKdRNdZhzNNgOQ2RtfuZCTGtSKVnhjdD4Gzvg==}
    dev: false

  /path-parse/1.0.7:
    resolution: {integrity: sha512-LDJzPVEEEPR+y48z93A0Ed0yXb8pAByGWo/k5YYdYgpY2/2EsOsksJrq7lOHxryrVOn1ejG6oAp8ahvOIQD8sw==}
    dev: true

  /picocolors/1.0.0:
    resolution: {integrity: sha512-1fygroTLlHu66zi26VoTDv8yRgm0Fccecssto+MhsZ0D/DGW2sm8E8AjW7NU5VVTRt5GxbeZ5qBuJr+HyLYkjQ==}
    dev: true

  /postcss-attribute-case-insensitive/5.0.2:
    resolution: {integrity: sha512-XIidXV8fDr0kKt28vqki84fRK8VW8eTuIa4PChv2MqKuT6C9UjmSKzen6KaWhWEoYvwxFCa7n/tC1SZ3tyq4SQ==}
    engines: {node: ^12 || ^14 || >=16}
    peerDependencies:
      postcss: ^8.2
    dependencies:
      postcss-selector-parser: 6.0.11
    dev: true

  /postcss-clamp/4.1.0:
    resolution: {integrity: sha512-ry4b1Llo/9zz+PKC+030KUnPITTJAHeOwjfAyyB60eT0AorGLdzp52s31OsPRHRf8NchkgFoG2y6fCfn1IV1Ow==}
    engines: {node: '>=7.6.0'}
    peerDependencies:
      postcss: ^8.4.6
    dependencies:
      postcss-value-parser: 4.2.0
    dev: true

  /postcss-color-functional-notation/4.2.4:
    resolution: {integrity: sha512-2yrTAUZUab9s6CpxkxC4rVgFEVaR6/2Pipvi6qcgvnYiVqZcbDHEoBDhrXzyb7Efh2CCfHQNtcqWcIruDTIUeg==}
    engines: {node: ^12 || ^14 || >=16}
    peerDependencies:
      postcss: ^8.2
    dependencies:
      postcss-value-parser: 4.2.0
    dev: true

  /postcss-color-hex-alpha/8.0.4:
    resolution: {integrity: sha512-nLo2DCRC9eE4w2JmuKgVA3fGL3d01kGq752pVALF68qpGLmx2Qrk91QTKkdUqqp45T1K1XV8IhQpcu1hoAQflQ==}
    engines: {node: ^12 || ^14 || >=16}
    peerDependencies:
      postcss: ^8.4
    dependencies:
      postcss-value-parser: 4.2.0
    dev: true

  /postcss-color-rebeccapurple/7.1.1:
    resolution: {integrity: sha512-pGxkuVEInwLHgkNxUc4sdg4g3py7zUeCQ9sMfwyHAT+Ezk8a4OaaVZ8lIY5+oNqA/BXXgLyXv0+5wHP68R79hg==}
    engines: {node: ^12 || ^14 || >=16}
    peerDependencies:
      postcss: ^8.2
    dependencies:
      postcss-value-parser: 4.2.0
    dev: true

  /postcss-custom-media/8.0.2:
    resolution: {integrity: sha512-7yi25vDAoHAkbhAzX9dHx2yc6ntS4jQvejrNcC+csQJAXjj15e7VcWfMgLqBNAbOvqi5uIa9huOVwdHbf+sKqg==}
    engines: {node: ^12 || ^14 || >=16}
    peerDependencies:
      postcss: ^8.3
    dependencies:
      postcss-value-parser: 4.2.0
    dev: true

  /postcss-custom-properties/12.1.11:
    resolution: {integrity: sha512-0IDJYhgU8xDv1KY6+VgUwuQkVtmYzRwu+dMjnmdMafXYv86SWqfxkc7qdDvWS38vsjaEtv8e0vGOUQrAiMBLpQ==}
    engines: {node: ^12 || ^14 || >=16}
    peerDependencies:
      postcss: ^8.2
    dependencies:
      postcss-value-parser: 4.2.0
    dev: true

  /postcss-custom-selectors/6.0.3:
    resolution: {integrity: sha512-fgVkmyiWDwmD3JbpCmB45SvvlCD6z9CG6Ie6Iere22W5aHea6oWa7EM2bpnv2Fj3I94L3VbtvX9KqwSi5aFzSg==}
    engines: {node: ^12 || ^14 || >=16}
    peerDependencies:
      postcss: ^8.3
    dependencies:
      postcss-selector-parser: 6.0.11
    dev: true

  /postcss-dir-pseudo-class/6.0.5:
    resolution: {integrity: sha512-eqn4m70P031PF7ZQIvSgy9RSJ5uI2171O/OO/zcRNYpJbvaeKFUlar1aJ7rmgiQtbm0FSPsRewjpdS0Oew7MPA==}
    engines: {node: ^12 || ^14 || >=16}
    peerDependencies:
      postcss: ^8.2
    dependencies:
      postcss-selector-parser: 6.0.11
    dev: true

  /postcss-double-position-gradients/3.1.2:
    resolution: {integrity: sha512-GX+FuE/uBR6eskOK+4vkXgT6pDkexLokPaz/AbJna9s5Kzp/yl488pKPjhy0obB475ovfT1Wv8ho7U/cHNaRgQ==}
    engines: {node: ^12 || ^14 || >=16}
    peerDependencies:
      postcss: ^8.2
    dependencies:
      '@csstools/postcss-progressive-custom-properties': 1.3.0
      postcss-value-parser: 4.2.0
    dev: true

  /postcss-env-function/4.0.6:
    resolution: {integrity: sha512-kpA6FsLra+NqcFnL81TnsU+Z7orGtDTxcOhl6pwXeEq1yFPpRMkCDpHhrz8CFQDr/Wfm0jLiNQ1OsGGPjlqPwA==}
    engines: {node: ^12 || ^14 || >=16}
    peerDependencies:
      postcss: ^8.4
    dependencies:
      postcss-value-parser: 4.2.0
    dev: true

  /postcss-focus-visible/6.0.4:
    resolution: {integrity: sha512-QcKuUU/dgNsstIK6HELFRT5Y3lbrMLEOwG+A4s5cA+fx3A3y/JTq3X9LaOj3OC3ALH0XqyrgQIgey/MIZ8Wczw==}
    engines: {node: ^12 || ^14 || >=16}
    peerDependencies:
      postcss: ^8.4
    dependencies:
      postcss-selector-parser: 6.0.11
    dev: true

  /postcss-focus-within/5.0.4:
    resolution: {integrity: sha512-vvjDN++C0mu8jz4af5d52CB184ogg/sSxAFS+oUJQq2SuCe7T5U2iIsVJtsCp2d6R4j0jr5+q3rPkBVZkXD9fQ==}
    engines: {node: ^12 || ^14 || >=16}
    peerDependencies:
      postcss: ^8.4
    dependencies:
      postcss-selector-parser: 6.0.11
    dev: true

  /postcss-font-variant/5.0.0:
    resolution: {integrity: sha512-1fmkBaCALD72CK2a9i468mA/+tr9/1cBxRRMXOUaZqO43oWPR5imcyPjXwuv7PXbCid4ndlP5zWhidQVVa3hmA==}
    peerDependencies:
      postcss: ^8.1.0
    dev: true

  /postcss-gap-properties/3.0.5:
    resolution: {integrity: sha512-IuE6gKSdoUNcvkGIqdtjtcMtZIFyXZhmFd5RUlg97iVEvp1BZKV5ngsAjCjrVy+14uhGBQl9tzmi1Qwq4kqVOg==}
    engines: {node: ^12 || ^14 || >=16}
    peerDependencies:
      postcss: ^8.2
    dev: true

  /postcss-image-set-function/4.0.7:
    resolution: {integrity: sha512-9T2r9rsvYzm5ndsBE8WgtrMlIT7VbtTfE7b3BQnudUqnBcBo7L758oc+o+pdj/dUV0l5wjwSdjeOH2DZtfv8qw==}
    engines: {node: ^12 || ^14 || >=16}
    peerDependencies:
      postcss: ^8.2
    dependencies:
      postcss-value-parser: 4.2.0
    dev: true

  /postcss-initial/4.0.1:
    resolution: {integrity: sha512-0ueD7rPqX8Pn1xJIjay0AZeIuDoF+V+VvMt/uOnn+4ezUKhZM/NokDeP6DwMNyIoYByuN/94IQnt5FEkaN59xQ==}
    peerDependencies:
      postcss: ^8.0.0
    dev: true

  /postcss-lab-function/4.2.1:
    resolution: {integrity: sha512-xuXll4isR03CrQsmxyz92LJB2xX9n+pZJ5jE9JgcnmsCammLyKdlzrBin+25dy6wIjfhJpKBAN80gsTlCgRk2w==}
    engines: {node: ^12 || ^14 || >=16}
    peerDependencies:
      postcss: ^8.2
    dependencies:
      '@csstools/postcss-progressive-custom-properties': 1.3.0
      postcss-value-parser: 4.2.0
    dev: true

  /postcss-logical/5.0.4:
    resolution: {integrity: sha512-RHXxplCeLh9VjinvMrZONq7im4wjWGlRJAqmAVLXyZaXwfDWP73/oq4NdIp+OZwhQUMj0zjqDfM5Fj7qby+B4g==}
    engines: {node: ^12 || ^14 || >=16}
    peerDependencies:
      postcss: ^8.4
    dev: true

  /postcss-media-minmax/5.0.0:
    resolution: {integrity: sha512-yDUvFf9QdFZTuCUg0g0uNSHVlJ5X1lSzDZjPSFaiCWvjgsvu8vEVxtahPrLMinIDEEGnx6cBe6iqdx5YWz08wQ==}
    engines: {node: '>=10.0.0'}
    peerDependencies:
      postcss: ^8.1.0
    dev: true

  /postcss-nesting/10.2.0:
    resolution: {integrity: sha512-EwMkYchxiDiKUhlJGzWsD9b2zvq/r2SSubcRrgP+jujMXFzqvANLt16lJANC+5uZ6hjI7lpRmI6O8JIl+8l1KA==}
    engines: {node: ^12 || ^14 || >=16}
    peerDependencies:
      postcss: ^8.2
    dependencies:
      '@csstools/selector-specificity': 2.0.2_laljekdltgzr3kfi7r4exvsr5a
      postcss-selector-parser: 6.0.11
    dev: true

  /postcss-opacity-percentage/1.1.2:
    resolution: {integrity: sha512-lyUfF7miG+yewZ8EAk9XUBIlrHyUE6fijnesuz+Mj5zrIHIEw6KcIZSOk/elVMqzLvREmXB83Zi/5QpNRYd47w==}
    engines: {node: ^12 || ^14 || >=16}
    dev: true

  /postcss-overflow-shorthand/3.0.4:
    resolution: {integrity: sha512-otYl/ylHK8Y9bcBnPLo3foYFLL6a6Ak+3EQBPOTR7luMYCOsiVTUk1iLvNf6tVPNGXcoL9Hoz37kpfriRIFb4A==}
    engines: {node: ^12 || ^14 || >=16}
    peerDependencies:
      postcss: ^8.2
    dependencies:
      postcss-value-parser: 4.2.0
    dev: true

  /postcss-page-break/3.0.4:
    resolution: {integrity: sha512-1JGu8oCjVXLa9q9rFTo4MbeeA5FMe00/9C7lN4va606Rdb+HkxXtXsmEDrIraQ11fGz/WvKWa8gMuCKkrXpTsQ==}
    peerDependencies:
      postcss: ^8
    dev: true

  /postcss-place/7.0.5:
    resolution: {integrity: sha512-wR8igaZROA6Z4pv0d+bvVrvGY4GVHihBCBQieXFY3kuSuMyOmEnnfFzHl/tQuqHZkfkIVBEbDvYcFfHmpSet9g==}
    engines: {node: ^12 || ^14 || >=16}
    peerDependencies:
      postcss: ^8.2
    dependencies:
      postcss-value-parser: 4.2.0
    dev: true

  /postcss-preset-env/7.8.3:
    resolution: {integrity: sha512-T1LgRm5uEVFSEF83vHZJV2z19lHg4yJuZ6gXZZkqVsqv63nlr6zabMH3l4Pc01FQCyfWVrh2GaUeCVy9Po+Aag==}
    engines: {node: ^12 || ^14 || >=16}
    peerDependencies:
      postcss: ^8.2
    dependencies:
      '@csstools/postcss-cascade-layers': 1.1.1
      '@csstools/postcss-color-function': 1.1.1
      '@csstools/postcss-font-format-keywords': 1.0.1
      '@csstools/postcss-hwb-function': 1.0.2
      '@csstools/postcss-ic-unit': 1.0.1
      '@csstools/postcss-is-pseudo-class': 2.0.7
      '@csstools/postcss-nested-calc': 1.0.0
      '@csstools/postcss-normalize-display-values': 1.0.1
      '@csstools/postcss-oklab-function': 1.1.1
      '@csstools/postcss-progressive-custom-properties': 1.3.0
      '@csstools/postcss-stepped-value-functions': 1.0.1
      '@csstools/postcss-text-decoration-shorthand': 1.0.0
      '@csstools/postcss-trigonometric-functions': 1.0.2
      '@csstools/postcss-unset-value': 1.0.2
      autoprefixer: 10.4.13
      browserslist: 4.21.4
      css-blank-pseudo: 3.0.3
      css-has-pseudo: 3.0.4
      css-prefers-color-scheme: 6.0.3
      cssdb: 7.2.0
      postcss-attribute-case-insensitive: 5.0.2
      postcss-clamp: 4.1.0
      postcss-color-functional-notation: 4.2.4
      postcss-color-hex-alpha: 8.0.4
      postcss-color-rebeccapurple: 7.1.1
      postcss-custom-media: 8.0.2
      postcss-custom-properties: 12.1.11
      postcss-custom-selectors: 6.0.3
      postcss-dir-pseudo-class: 6.0.5
      postcss-double-position-gradients: 3.1.2
      postcss-env-function: 4.0.6
      postcss-focus-visible: 6.0.4
      postcss-focus-within: 5.0.4
      postcss-font-variant: 5.0.0
      postcss-gap-properties: 3.0.5
      postcss-image-set-function: 4.0.7
      postcss-initial: 4.0.1
      postcss-lab-function: 4.2.1
      postcss-logical: 5.0.4
      postcss-media-minmax: 5.0.0
      postcss-nesting: 10.2.0
      postcss-opacity-percentage: 1.1.2
      postcss-overflow-shorthand: 3.0.4
      postcss-page-break: 3.0.4
      postcss-place: 7.0.5
      postcss-pseudo-class-any-link: 7.1.6
      postcss-replace-overflow-wrap: 4.0.0
      postcss-selector-not: 6.0.1
      postcss-value-parser: 4.2.0
    dev: true

  /postcss-pseudo-class-any-link/7.1.6:
    resolution: {integrity: sha512-9sCtZkO6f/5ML9WcTLcIyV1yz9D1rf0tWc+ulKcvV30s0iZKS/ONyETvoWsr6vnrmW+X+KmuK3gV/w5EWnT37w==}
    engines: {node: ^12 || ^14 || >=16}
    peerDependencies:
      postcss: ^8.2
    dependencies:
      postcss-selector-parser: 6.0.11
    dev: true

  /postcss-replace-overflow-wrap/4.0.0:
    resolution: {integrity: sha512-KmF7SBPphT4gPPcKZc7aDkweHiKEEO8cla/GjcBK+ckKxiZslIu3C4GCRW3DNfL0o7yW7kMQu9xlZ1kXRXLXtw==}
    peerDependencies:
      postcss: ^8.0.3
    dev: true

  /postcss-selector-not/6.0.1:
    resolution: {integrity: sha512-1i9affjAe9xu/y9uqWH+tD4r6/hDaXJruk8xn2x1vzxC2U3J3LKO3zJW4CyxlNhA56pADJ/djpEwpH1RClI2rQ==}
    engines: {node: ^12 || ^14 || >=16}
    peerDependencies:
      postcss: ^8.2
    dependencies:
      postcss-selector-parser: 6.0.11
    dev: true

  /postcss-selector-parser/6.0.11:
    resolution: {integrity: sha512-zbARubNdogI9j7WY4nQJBiNqQf3sLS3wCP4WfOidu+p28LofJqDH1tcXypGrcmMHhDk2t9wGhCsYe/+szLTy1g==}
    engines: {node: '>=4'}
    dependencies:
      cssesc: 3.0.0
      util-deprecate: 1.0.2
    dev: true

  /postcss-value-parser/4.2.0:
    resolution: {integrity: sha512-1NNCs6uurfkVbeXG4S8JFT9t19m45ICnif8zWLd5oPSZ50QnwMfK+H3jv408d4jw/7Bttv5axS5IiHoLaVNHeQ==}
    dev: true

  /postcss/8.4.20:
    resolution: {integrity: sha512-6Q04AXR1212bXr5fh03u8aAwbLxAQNGQ/Q1LNa0VfOI06ZAlhPHtQvE4OIdpj4kLThXilalPnmDSOD65DcHt+g==}
    engines: {node: ^10 || ^12 || >=14}
    dependencies:
      nanoid: 3.3.4
      picocolors: 1.0.0
      source-map-js: 1.0.2
    dev: true

  /prettier/2.8.1:
    resolution: {integrity: sha512-lqGoSJBQNJidqCHE80vqZJHWHRFoNYsSpP9AjFhlhi9ODCJA541svILes/+/1GM3VaL/abZi7cpFzOpdR9UPKg==}
    engines: {node: '>=10.13.0'}
    hasBin: true
    dev: true

  /resolve/1.22.1:
    resolution: {integrity: sha512-nBpuuYuY5jFsli/JIs1oldw6fOQCBioohqWZg/2hiaOybXOft4lonv85uDOKXdf8rhyK159cxU5cDcK/NKk8zw==}
    hasBin: true
    dependencies:
      is-core-module: 2.11.0
      path-parse: 1.0.7
      supports-preserve-symlinks-flag: 1.0.0
    dev: true

  /rollup/3.7.4:
    resolution: {integrity: sha512-jN9rx3k5pfg9H9al0r0y1EYKSeiRANZRYX32SuNXAnKzh6cVyf4LZVto1KAuDnbHT03E1CpsgqDKaqQ8FZtgxw==}
    engines: {node: '>=14.18.0', npm: '>=8.0.0'}
    hasBin: true
    optionalDependencies:
      fsevents: 2.3.2
    dev: true

  /source-map-js/1.0.2:
    resolution: {integrity: sha512-R0XvVJ9WusLiqTCEiGCmICCMplcCkIwwR11mOSD9CR5u+IXYdiseeEuXCVAjS54zqwkLcPNnmU4OeJ6tUrWhDw==}
    engines: {node: '>=0.10.0'}
    dev: true

  /supports-preserve-symlinks-flag/1.0.0:
    resolution: {integrity: sha512-ot0WnXS9fgdkgIcePe6RHNk1WA8+muPa6cSjeR3V8K27q9BB1rTE3R1p7Hv0z1ZyAc8s6Vvv8DIyWf681MAt0w==}
    engines: {node: '>= 0.4'}
    dev: true

  /typescript/4.9.4:
    resolution: {integrity: sha512-Uz+dTXYzxXXbsFpM86Wh3dKCxrQqUcVMxwU54orwlJjOpO3ao8L7j5lH+dWfTwgCwIuM9GQ2kvVotzYJMXTBZg==}
    engines: {node: '>=4.2.0'}
    hasBin: true
    dev: true

  /update-browserslist-db/1.0.10_browserslist@4.21.4:
    resolution: {integrity: sha512-OztqDenkfFkbSG+tRxBeAnCVPckDBcvibKd35yDONx6OU8N7sqgwc7rCbkJ/WcYtVRZ4ba68d6byhC21GFh7sQ==}
    hasBin: true
    peerDependencies:
      browserslist: '>= 4.21.0'
    dependencies:
      browserslist: 4.21.4
      escalade: 3.1.1
      picocolors: 1.0.0
    dev: true

  /util-deprecate/1.0.2:
    resolution: {integrity: sha512-EPD5q1uXyFxJpCrLnCc1nHnq3gOa6DZBocAIiI2TaSCA7VCJ1UJDMagCzIkXNsUYfD1daK//LTEQ8xiIbrHtcw==}
    dev: true

  /vite/4.0.1:
    resolution: {integrity: sha512-kZQPzbDau35iWOhy3CpkrRC7It+HIHtulAzBhMqzGHKRf/4+vmh8rPDDdv98SWQrFWo6//3ozwsRmwQIPZsK9g==}
    engines: {node: ^14.18.0 || >=16.0.0}
    hasBin: true
    peerDependencies:
      '@types/node': '>= 14'
      less: '*'
      sass: '*'
      stylus: '*'
      sugarss: '*'
      terser: ^5.4.0
    peerDependenciesMeta:
      '@types/node':
        optional: true
      less:
        optional: true
      sass:
        optional: true
      stylus:
        optional: true
      sugarss:
        optional: true
      terser:
        optional: true
    dependencies:
      esbuild: 0.16.7
      postcss: 8.4.20
      resolve: 1.22.1
      rollup: 3.7.4
    optionalDependencies:
      fsevents: 2.3.2
    dev: true
